// !$*UTF8*$!
{
	archiveVersion = 1;
	classes = {
	};
	objectVersion = 55;
	objects = {

/* Begin PBXBuildFile section */
		3158C3E32797DD3F001FB15C /* TimeInterval+Minutes.swift in Sources */ = {isa = PBXBuildFile; fileRef = 3158C3E22797DD3F001FB15C /* TimeInterval+Minutes.swift */; };
		3158C3E52797EB67001FB15C /* Kazoos.wav in Resources */ = {isa = PBXBuildFile; fileRef = 3158C3E42797EB67001FB15C /* Kazoos.wav */; };
		3158C3E72797F006001FB15C /* README.md in Resources */ = {isa = PBXBuildFile; fileRef = 3158C3E62797F006001FB15C /* README.md */; };
		319F2555278FC4E8007F7BDC /* AppDelegate.swift in Sources */ = {isa = PBXBuildFile; fileRef = 319F2554278FC4E8007F7BDC /* AppDelegate.swift */; };
		319F2557278FC4E8007F7BDC /* SceneDelegate.swift in Sources */ = {isa = PBXBuildFile; fileRef = 319F2556278FC4E8007F7BDC /* SceneDelegate.swift */; };
		319F2559278FC4E8007F7BDC /* ViewController.swift in Sources */ = {isa = PBXBuildFile; fileRef = 319F2558278FC4E8007F7BDC /* ViewController.swift */; };
		319F255C278FC4E8007F7BDC /* Main.storyboard in Resources */ = {isa = PBXBuildFile; fileRef = 319F255A278FC4E8007F7BDC /* Main.storyboard */; };
		319F255E278FC4ED007F7BDC /* Assets.xcassets in Resources */ = {isa = PBXBuildFile; fileRef = 319F255D278FC4ED007F7BDC /* Assets.xcassets */; };
		319F2561278FC4ED007F7BDC /* LaunchScreen.storyboard in Resources */ = {isa = PBXBuildFile; fileRef = 319F255F278FC4ED007F7BDC /* LaunchScreen.storyboard */; };
		319F2569278FCCFA007F7BDC /* Reminder.swift in Sources */ = {isa = PBXBuildFile; fileRef = 319F2568278FCCFA007F7BDC /* Reminder.swift */; };
/* End PBXBuildFile section */

/* Begin PBXFileReference section */
		3158C3E22797DD3F001FB15C /* TimeInterval+Minutes.swift */ = {isa = PBXFileReference; lastKnownFileType = sourcecode.swift; path = "TimeInterval+Minutes.swift"; sourceTree = "<group>"; };
		3158C3E42797EB67001FB15C /* Kazoos.wav */ = {isa = PBXFileReference; lastKnownFileType = audio.wav; path = Kazoos.wav; sourceTree = "<group>"; };
		3158C3E62797F006001FB15C /* README.md */ = {isa = PBXFileReference; fileEncoding = 4; lastKnownFileType = net.daringfireball.markdown; path = README.md; sourceTree = SOURCE_ROOT; };
		319F2551278FC4E8007F7BDC /* Reminderer.app */ = {isa = PBXFileReference; explicitFileType = wrapper.application; includeInIndex = 0; path = Reminderer.app; sourceTree = BUILT_PRODUCTS_DIR; };
		319F2554278FC4E8007F7BDC /* AppDelegate.swift */ = {isa = PBXFileReference; lastKnownFileType = sourcecode.swift; path = AppDelegate.swift; sourceTree = "<group>"; };
		319F2556278FC4E8007F7BDC /* SceneDelegate.swift */ = {isa = PBXFileReference; lastKnownFileType = sourcecode.swift; path = SceneDelegate.swift; sourceTree = "<group>"; };
		319F2558278FC4E8007F7BDC /* ViewController.swift */ = {isa = PBXFileReference; lastKnownFileType = sourcecode.swift; path = ViewController.swift; sourceTree = "<group>"; };
		319F255B278FC4E8007F7BDC /* Base */ = {isa = PBXFileReference; lastKnownFileType = file.storyboard; name = Base; path = Base.lproj/Main.storyboard; sourceTree = "<group>"; };
		319F255D278FC4ED007F7BDC /* Assets.xcassets */ = {isa = PBXFileReference; lastKnownFileType = folder.assetcatalog; path = Assets.xcassets; sourceTree = "<group>"; };
		319F2560278FC4ED007F7BDC /* Base */ = {isa = PBXFileReference; lastKnownFileType = file.storyboard; name = Base; path = Base.lproj/LaunchScreen.storyboard; sourceTree = "<group>"; };
		319F2562278FC4ED007F7BDC /* Info.plist */ = {isa = PBXFileReference; lastKnownFileType = text.plist.xml; path = Info.plist; sourceTree = "<group>"; };
		319F2568278FCCFA007F7BDC /* Reminder.swift */ = {isa = PBXFileReference; lastKnownFileType = sourcecode.swift; path = Reminder.swift; sourceTree = "<group>"; };
/* End PBXFileReference section */

/* Begin PBXFrameworksBuildPhase section */
		319F254E278FC4E8007F7BDC /* Frameworks */ = {
			isa = PBXFrameworksBuildPhase;
			buildActionMask = 2147483647;
			files = (
			);
			runOnlyForDeploymentPostprocessing = 0;
		};
/* End PBXFrameworksBuildPhase section */

/* Begin PBXGroup section */
		319F2548278FC4E8007F7BDC = {
			isa = PBXGroup;
			children = (
				319F2553278FC4E8007F7BDC /* Reminderer */,
				319F2552278FC4E8007F7BDC /* Products */,
			);
			sourceTree = "<group>";
		};
		319F2552278FC4E8007F7BDC /* Products */ = {
			isa = PBXGroup;
			children = (
				319F2551278FC4E8007F7BDC /* Reminderer.app */,
			);
			name = Products;
			sourceTree = "<group>";
		};
		319F2553278FC4E8007F7BDC /* Reminderer */ = {
			isa = PBXGroup;
			children = (
				3158C3E62797F006001FB15C /* README.md */,
				319F2554278FC4E8007F7BDC /* AppDelegate.swift */,
				319F2556278FC4E8007F7BDC /* SceneDelegate.swift */,
				319F2558278FC4E8007F7BDC /* ViewController.swift */,
				319F255A278FC4E8007F7BDC /* Main.storyboard */,
				319F255D278FC4ED007F7BDC /* Assets.xcassets */,
				319F255F278FC4ED007F7BDC /* LaunchScreen.storyboard */,
				319F2562278FC4ED007F7BDC /* Info.plist */,
				319F2568278FCCFA007F7BDC /* Reminder.swift */,
				3158C3E22797DD3F001FB15C /* TimeInterval+Minutes.swift */,
				3158C3E42797EB67001FB15C /* Kazoos.wav */,
			);
			path = Reminderer;
			sourceTree = "<group>";
		};
/* End PBXGroup section */

/* Begin PBXNativeTarget section */
		319F2550278FC4E8007F7BDC /* Reminderer */ = {
			isa = PBXNativeTarget;
			buildConfigurationList = 319F2565278FC4ED007F7BDC /* Build configuration list for PBXNativeTarget "Reminderer" */;
			buildPhases = (
				319F254D278FC4E8007F7BDC /* Sources */,
				319F254E278FC4E8007F7BDC /* Frameworks */,
				319F254F278FC4E8007F7BDC /* Resources */,
			);
			buildRules = (
			);
			dependencies = (
			);
			name = Reminderer;
			productName = Reminderer;
			productReference = 319F2551278FC4E8007F7BDC /* Reminderer.app */;
			productType = "com.apple.product-type.application";
		};
/* End PBXNativeTarget section */

/* Begin PBXProject section */
		319F2549278FC4E8007F7BDC /* Project object */ = {
			isa = PBXProject;
			attributes = {
				BuildIndependentTargetsInParallel = 1;
				LastSwiftUpdateCheck = 1320;
				LastUpgradeCheck = 1320;
				TargetAttributes = {
					319F2550278FC4E8007F7BDC = {
						CreatedOnToolsVersion = 13.2.1;
					};
				};
			};
			buildConfigurationList = 319F254C278FC4E8007F7BDC /* Build configuration list for PBXProject "Reminderer" */;
			compatibilityVersion = "Xcode 13.0";
			developmentRegion = en;
			hasScannedForEncodings = 0;
			knownRegions = (
				en,
				Base,
			);
			mainGroup = 319F2548278FC4E8007F7BDC;
			productRefGroup = 319F2552278FC4E8007F7BDC /* Products */;
			projectDirPath = "";
			projectRoot = "";
			targets = (
				319F2550278FC4E8007F7BDC /* Reminderer */,
			);
		};
/* End PBXProject section */

/* Begin PBXResourcesBuildPhase section */
		319F254F278FC4E8007F7BDC /* Resources */ = {
			isa = PBXResourcesBuildPhase;
			buildActionMask = 2147483647;
			files = (
				319F2561278FC4ED007F7BDC /* LaunchScreen.storyboard in Resources */,
				3158C3E52797EB67001FB15C /* Kazoos.wav in Resources */,
				3158C3E72797F006001FB15C /* README.md in Resources */,
				319F255E278FC4ED007F7BDC /* Assets.xcassets in Resources */,
				319F255C278FC4E8007F7BDC /* Main.storyboard in Resources */,
			);
			runOnlyForDeploymentPostprocessing = 0;
		};
/* End PBXResourcesBuildPhase section */

/* Begin PBXSourcesBuildPhase section */
		319F254D278FC4E8007F7BDC /* Sources */ = {
			isa = PBXSourcesBuildPhase;
			buildActionMask = 2147483647;
			files = (
				3158C3E32797DD3F001FB15C /* TimeInterval+Minutes.swift in Sources */,
				319F2559278FC4E8007F7BDC /* ViewController.swift in Sources */,
				319F2555278FC4E8007F7BDC /* AppDelegate.swift in Sources */,
				319F2557278FC4E8007F7BDC /* SceneDelegate.swift in Sources */,
				319F2569278FCCFA007F7BDC /* Reminder.swift in Sources */,
			);
			runOnlyForDeploymentPostprocessing = 0;
		};
/* End PBXSourcesBuildPhase section */

/* Begin PBXVariantGroup section */
		319F255A278FC4E8007F7BDC /* Main.storyboard */ = {
			isa = PBXVariantGroup;
			children = (
				319F255B278FC4E8007F7BDC /* Base */,
			);
			name = Main.storyboard;
			sourceTree = "<group>";
		};
		319F255F278FC4ED007F7BDC /* LaunchScreen.storyboard */ = {
			isa = PBXVariantGroup;
			children = (
				319F2560278FC4ED007F7BDC /* Base */,
			);
			name = LaunchScreen.storyboard;
			sourceTree = "<group>";
		};
/* End PBXVariantGroup section */

/* Begin XCBuildConfiguration section */
		319F2563278FC4ED007F7BDC /* Debug */ = {
			isa = XCBuildConfiguration;
			buildSettings = {
				ALWAYS_SEARCH_USER_PATHS = NO;
				CLANG_ANALYZER_NONNULL = YES;
				CLANG_ANALYZER_NUMBER_OBJECT_CONVERSION = YES_AGGRESSIVE;
				CLANG_CXX_LANGUAGE_STANDARD = "gnu++17";
				CLANG_CXX_LIBRARY = "libc++";
				CLANG_ENABLE_MODULES = YES;
				CLANG_ENABLE_OBJC_ARC = YES;
				CLANG_ENABLE_OBJC_WEAK = YES;
				CLANG_WARN_BLOCK_CAPTURE_AUTORELEASING = YES;
				CLANG_WARN_BOOL_CONVERSION = YES;
				CLANG_WARN_COMMA = YES;
				CLANG_WARN_CONSTANT_CONVERSION = YES;
				CLANG_WARN_DEPRECATED_OBJC_IMPLEMENTATIONS = YES;
				CLANG_WARN_DIRECT_OBJC_ISA_USAGE = YES_ERROR;
				CLANG_WARN_DOCUMENTATION_COMMENTS = YES;
				CLANG_WARN_EMPTY_BODY = YES;
				CLANG_WARN_ENUM_CONVERSION = YES;
				CLANG_WARN_INFINITE_RECURSION = YES;
				CLANG_WARN_INT_CONVERSION = YES;
				CLANG_WARN_NON_LITERAL_NULL_CONVERSION = YES;
				CLANG_WARN_OBJC_IMPLICIT_RETAIN_SELF = YES;
				CLANG_WARN_OBJC_LITERAL_CONVERSION = YES;
				CLANG_WARN_OBJC_ROOT_CLASS = YES_ERROR;
				CLANG_WARN_QUOTED_INCLUDE_IN_FRAMEWORK_HEADER = YES;
				CLANG_WARN_RANGE_LOOP_ANALYSIS = YES;
				CLANG_WARN_STRICT_PROTOTYPES = YES;
				CLANG_WARN_SUSPICIOUS_MOVE = YES;
				CLANG_WARN_UNGUARDED_AVAILABILITY = YES_AGGRESSIVE;
				CLANG_WARN_UNREACHABLE_CODE = YES;
				CLANG_WARN__DUPLICATE_METHOD_MATCH = YES;
				COPY_PHASE_STRIP = NO;
				DEBUG_INFORMATION_FORMAT = dwarf;
				ENABLE_STRICT_OBJC_MSGSEND = YES;
				ENABLE_TESTABILITY = YES;
				GCC_C_LANGUAGE_STANDARD = gnu11;
				GCC_DYNAMIC_NO_PIC = NO;
				GCC_NO_COMMON_BLOCKS = YES;
				GCC_OPTIMIZATION_LEVEL = 0;
				GCC_PREPROCESSOR_DEFINITIONS = (
					"DEBUG=1",
					"$(inherited)",
				);
				GCC_WARN_64_TO_32_BIT_CONVERSION = YES;
				GCC_WARN_ABOUT_RETURN_TYPE = YES_ERROR;
				GCC_WARN_UNDECLARED_SELECTOR = YES;
				GCC_WARN_UNINITIALIZED_AUTOS = YES_AGGRESSIVE;
				GCC_WARN_UNUSED_FUNCTION = YES;
				GCC_WARN_UNUSED_VARIABLE = YES;
				IPHONEOS_DEPLOYMENT_TARGET = 15.1;
				MTL_ENABLE_DEBUG_INFO = INCLUDE_SOURCE;
				MTL_FAST_MATH = YES;
				ONLY_ACTIVE_ARCH = YES;
				SDKROOT = iphoneos;
				SWIFT_ACTIVE_COMPILATION_CONDITIONS = DEBUG;
				SWIFT_OPTIMIZATION_LEVEL = "-Onone";
			};
			name = Debug;
		};
		319F2564278FC4ED007F7BDC /* Release */ = {
			isa = XCBuildConfiguration;
			buildSettings = {
				ALWAYS_SEARCH_USER_PATHS = NO;
				CLANG_ANALYZER_NONNULL = YES;
				CLANG_ANALYZER_NUMBER_OBJECT_CONVERSION = YES_AGGRESSIVE;
				CLANG_CXX_LANGUAGE_STANDARD = "gnu++17";
				CLANG_CXX_LIBRARY = "libc++";
				CLANG_ENABLE_MODULES = YES;
				CLANG_ENABLE_OBJC_ARC = YES;
				CLANG_ENABLE_OBJC_WEAK = YES;
				CLANG_WARN_BLOCK_CAPTURE_AUTORELEASING = YES;
				CLANG_WARN_BOOL_CONVERSION = YES;
				CLANG_WARN_COMMA = YES;
				CLANG_WARN_CONSTANT_CONVERSION = YES;
				CLANG_WARN_DEPRECATED_OBJC_IMPLEMENTATIONS = YES;
				CLANG_WARN_DIRECT_OBJC_ISA_USAGE = YES_ERROR;
				CLANG_WARN_DOCUMENTATION_COMMENTS = YES;
				CLANG_WARN_EMPTY_BODY = YES;
				CLANG_WARN_ENUM_CONVERSION = YES;
				CLANG_WARN_INFINITE_RECURSION = YES;
				CLANG_WARN_INT_CONVERSION = YES;
				CLANG_WARN_NON_LITERAL_NULL_CONVERSION = YES;
				CLANG_WARN_OBJC_IMPLICIT_RETAIN_SELF = YES;
				CLANG_WARN_OBJC_LITERAL_CONVERSION = YES;
				CLANG_WARN_OBJC_ROOT_CLASS = YES_ERROR;
				CLANG_WARN_QUOTED_INCLUDE_IN_FRAMEWORK_HEADER = YES;
				CLANG_WARN_RANGE_LOOP_ANALYSIS = YES;
				CLANG_WARN_STRICT_PROTOTYPES = YES;
				CLANG_WARN_SUSPICIOUS_MOVE = YES;
				CLANG_WARN_UNGUARDED_AVAILABILITY = YES_AGGRESSIVE;
				CLANG_WARN_UNREACHABLE_CODE = YES;
				CLANG_WARN__DUPLICATE_METHOD_MATCH = YES;
				COPY_PHASE_STRIP = NO;
				DEBUG_INFORMATION_FORMAT = "dwarf-with-dsym";
				ENABLE_NS_ASSERTIONS = NO;
				ENABLE_STRICT_OBJC_MSGSEND = YES;
				GCC_C_LANGUAGE_STANDARD = gnu11;
				GCC_NO_COMMON_BLOCKS = YES;
				GCC_WARN_64_TO_32_BIT_CONVERSION = YES;
				GCC_WARN_ABOUT_RETURN_TYPE = YES_ERROR;
				GCC_WARN_UNDECLARED_SELECTOR = YES;
				GCC_WARN_UNINITIALIZED_AUTOS = YES_AGGRESSIVE;
				GCC_WARN_UNUSED_FUNCTION = YES;
				GCC_WARN_UNUSED_VARIABLE = YES;
				IPHONEOS_DEPLOYMENT_TARGET = 15.1;
				MTL_ENABLE_DEBUG_INFO = NO;
				MTL_FAST_MATH = YES;
				SDKROOT = iphoneos;
				SWIFT_COMPILATION_MODE = wholemodule;
				SWIFT_OPTIMIZATION_LEVEL = "-O";
				VALIDATE_PRODUCT = YES;
			};
			name = Release;
		};
		319F2566278FC4ED007F7BDC /* Debug */ = {
			isa = XCBuildConfiguration;
			buildSettings = {
				ASSETCATALOG_COMPILER_APPICON_NAME = AppIcon;
				ASSETCATALOG_COMPILER_GLOBAL_ACCENT_COLOR_NAME = AccentColor;
				CODE_SIGN_STYLE = Automatic;
				CURRENT_PROJECT_VERSION = 1;
				DEVELOPMENT_TEAM = 65PRBW7K5C;
				GENERATE_INFOPLIST_FILE = YES;
				INFOPLIST_FILE = Reminderer/Info.plist;
				INFOPLIST_KEY_UIApplicationSupportsIndirectInputEvents = YES;
				INFOPLIST_KEY_UILaunchStoryboardName = LaunchScreen;
				INFOPLIST_KEY_UIMainStoryboardFile = Main;
				INFOPLIST_KEY_UISupportedInterfaceOrientations_iPad = "UIInterfaceOrientationPortrait UIInterfaceOrientationPortraitUpsideDown UIInterfaceOrientationLandscapeLeft UIInterfaceOrientationLandscapeRight";
				INFOPLIST_KEY_UISupportedInterfaceOrientations_iPhone = "UIInterfaceOrientationPortrait UIInterfaceOrientationLandscapeLeft UIInterfaceOrientationLandscapeRight";
				LD_RUNPATH_SEARCH_PATHS = (
					"$(inherited)",
					"@executable_path/Frameworks",
				);
				MARKETING_VERSION = 1.0;
				PRODUCT_BUNDLE_IDENTIFIER = com.nateBirkholz.Reminderer;
				PRODUCT_NAME = "$(TARGET_NAME)";
				SWIFT_EMIT_LOC_STRINGS = YES;
				SWIFT_VERSION = 5.0;
				TARGETED_DEVICE_FAMILY = "1,2";
			};
			name = Debug;
		};
		319F2567278FC4ED007F7BDC /* Release */ = {
			isa = XCBuildConfiguration;
			buildSettings = {
				ASSETCATALOG_COMPILER_APPICON_NAME = AppIcon;
				ASSETCATALOG_COMPILER_GLOBAL_ACCENT_COLOR_NAME = AccentColor;
				CODE_SIGN_STYLE = Automatic;
				CURRENT_PROJECT_VERSION = 1;
				DEVELOPMENT_TEAM = 65PRBW7K5C;
				GENERATE_INFOPLIST_FILE = YES;
				INFOPLIST_FILE = Reminderer/Info.plist;
				INFOPLIST_KEY_UIApplicationSupportsIndirectInputEvents = YES;
				INFOPLIST_KEY_UILaunchStoryboardName = LaunchScreen;
				INFOPLIST_KEY_UIMainStoryboardFile = Main;
				INFOPLIST_KEY_UISupportedInterfaceOrientations_iPad = "UIInterfaceOrientationPortrait UIInterfaceOrientationPortraitUpsideDown UIInterfaceOrientationLandscapeLeft UIInterfaceOrientationLandscapeRight";
				INFOPLIST_KEY_UISupportedInterfaceOrientations_iPhone = "UIInterfaceOrientationPortrait UIInterfaceOrientationLandscapeLeft UIInterfaceOrientationLandscapeRight";
				LD_RUNPATH_SEARCH_PATHS = (
					"$(inherited)",
					"@executable_path/Frameworks",
				);
				MARKETING_VERSION = 1.0;
				PRODUCT_BUNDLE_IDENTIFIER = com.nateBirkholz.Reminderer;
				PRODUCT_NAME = "$(TARGET_NAME)";
				SWIFT_EMIT_LOC_STRINGS = YES;
				SWIFT_VERSION = 5.0;
				TARGETED_DEVICE_FAMILY = "1,2";
			};
			name = Release;
		};
/* End XCBuildConfiguration section */

/* Begin XCConfigurationList section */
		319F254C278FC4E8007F7BDC /* Build configuration list for PBXProject "Reminderer" */ = {
			isa = XCConfigurationList;
			buildConfigurations = (
				319F2563278FC4ED007F7BDC /* Debug */,
				319F2564278FC4ED007F7BDC /* Release */,
			);
			defaultConfigurationIsVisible = 0;
			defaultConfigurationName = Release;
		};
		319F2565278FC4ED007F7BDC /* Build configuration list for PBXNativeTarget "Reminderer" */ = {
			isa = XCConfigurationList;
			buildConfigurations = (
				319F2566278FC4ED007F7BDC /* Debug */,
				319F2567278FC4ED007F7BDC /* Release */,
			);
			defaultConfigurationIsVisible = 0;
			defaultConfigurationName = Release;
		};
/* End XCConfigurationList section */
	};
	rootObject = 319F2549278FC4E8007F7BDC /* Project object */;
}
